<Solution>
  <Folder Name="/Solution Items/">
    <File Path=".editorconfig" />
    <File Path=".gitignore" />
    <File Path="Directory.Build.props" />
    <File Path="Directory.Packages.props" />
    <File Path="NuGet.Config" />
    <File Path="README.md" />
    <File Path="global.json" />
  </Folder>
  <Folder Name="/Solution Items/tests/">
    <File Path="tests/Directory.Build.props" />
  </Folder>
  <Folder Name="/src/">
    <Project Path="src/ServiceDefaults/ServiceDefaults.csproj" />
  </Folder>
</Solution>
