<Solution>
  <Folder Name="/Solution Items/">
    <File Path=".editorconfig" />
    <File Path=".gitignore" />
    <File Path="Directory.Build.props" />
    <File Path="Directory.Packages.props" />
    <File Path="NuGet.Config" />
    <File Path="README.md" />
    <File Path="global.json" />
  </Folder>
  <Folder Name="/Solution Items/tests/">
    <File Path="tests/Directory.Build.props" />
  </Folder>
  <Folder Name="/tests/">
    <Project Path="tests/BuildingBlocks.UnitTests/BuildingBlocks.UnitTests.csproj" />
    <Project Path="tests/Catalog.UnitTests/Catalog.UnitTests.csproj" />
  </Folder>
  <Folder Name="/src/">
    <Project Path="src/AppHost/AppHost.csproj" />
    <Project Path="src/MigrationService/MigrationService.csproj" />
    <Project Path="src/ServiceDefaults/ServiceDefaults.csproj" />
  </Folder>
  <Folder Name="/src/Services/Bookings/">
    <Project Path="src/Services/Bookings/Bookings.Api/Bookings.Api.csproj" />
    <Project Path="src/Services/Bookings/Bookings.Application/Bookings.Application.csproj" />
    <Project Path="src/Services/Bookings/Bookings.Domain/Bookings.Domain.csproj" />
    <Project Path="src/Services/Bookings/Bookings.Infrastructure/Bookings.Infrastructure.csproj" />
  </Folder>
  <Folder Name="/src/Services/Catalog/">
    <Project Path="src/Services/Catalog/Catalog.Api/Catalog.Api.csproj" />
    <Project Path="src/Services/Catalog/Catalog.Application/Catalog.Application.csproj" />
    <Project Path="src/Services/Catalog/Catalog.Domain/Catalog.Domain.csproj" />
    <Project Path="src/Services/Catalog/Catalog.Infrastructure/Catalog.Infrastructure.csproj" />
  </Folder>
  <Folder Name="/src/BuildingBlocks/">
    <Project Path="src/BuildingBlocks/BuildingBlocks.Api/BuildingBlocks.Api.csproj" />
    <Project Path="src/BuildingBlocks/BuildingBlocks.Application/BuildingBlocks.Application.csproj" />
    <Project Path="src/BuildingBlocks/BuildingBlocks.Domain/BuildingBlocks.Domain.csproj" />
    <Project Path="src/BuildingBlocks/BuildingBlocks.Persistence/BuildingBlocks.Persistence.csproj" />
  </Folder>
</Solution>
